
Microsoft Visual Studio Solution File, Format Version 12.00
# Visual Studio Version 17
VisualStudioVersion = 17.2.32526.322
MinimumVisualStudioVersion = 10.0.40219.1
Project("{FAE04EC0-301F-11D3-BF4B-00C04F79EFBC}") = "Caclucaltor", "Caclucaltor\Caclucaltor.csproj", "{533BCD85-E68E-4CAC-817D-EAC0AFD257AA}"
EndProject
Global
	GlobalSection(SolutionConfigurationPlatforms) = preSolution
		Debug|Any CPU = Debug|Any CPU
		Release|Any CPU = Release|Any CPU
	EndGlobalSection
	GlobalSection(ProjectConfigurationPlatforms) = postSolution
		{533BCD85-E68E-4CAC-817D-EAC0AFD257AA}.Debug|Any CPU.ActiveCfg = Debug|Any CPU
		{533BCD85-E68E-4CAC-817D-EAC0AFD257AA}.Debug|Any CPU.Build.0 = Debug|Any CPU
		{533BCD85-E68E-4CAC-817D-EAC0AFD257AA}.Release|Any CPU.ActiveCfg = Release|Any CPU
		{533BCD85-E68E-4CAC-817D-EAC0AFD257AA}.Release|Any CPU.Build.0 = Release|Any CPU
	EndGlobalSection
	GlobalSection(SolutionProperties) = preSolution
		HideSolutionNode = FALSE
	EndGlobalSection
	GlobalSection(ExtensibilityGlobals) = postSolution
		SolutionGuid = {C1E1E226-5182-43BF-B066-9BCCBA8B5C4B}
	EndGlobalSection
EndGlobal
